
Microsoft Visual Studio Solution File, Format Version 12.00
# Visual Studio Version 17
VisualStudioVersion = 17.8.34316.72
MinimumVisualStudioVersion = 10.0.40219.1
Project("{FAE04EC0-301F-11D3-BF4B-00C04F79EFBC}") = "WebApi", "WebApi.csproj", "{B91EEBFA-E15A-48E8-9A2C-4FA355F4FB5A}"
EndProject
Project("{FAE04EC0-301F-11D3-BF4B-00C04F79EFBC}") = "Infrastructure", "..\Infrastructure\Infrastructure.csproj", "{BFD19C84-34D9-40E1-AFCE-486A21A6812A}"
EndProject
Project("{FAE04EC0-301F-11D3-BF4B-00C04F79EFBC}") = "Application", "..\Application\Application.csproj", "{1243CA7B-180F-4BD5-B1B7-FD83DBEB3FD9}"
EndProject
Project("{FAE04EC0-301F-11D3-BF4B-00C04F79EFBC}") = "Domain", "..\Domain\Domain.csproj", "{C73DEB77-0396-48D7-B282-C10AE6E31B67}"
EndProject
Global
	GlobalSection(SolutionConfigurationPlatforms) = preSolution
		Debug|Any CPU = Debug|Any CPU
		Release|Any CPU = Release|Any CPU
	EndGlobalSection
	GlobalSection(ProjectConfigurationPlatforms) = postSolution
		{B91EEBFA-E15A-48E8-9A2C-4FA355F4FB5A}.Debug|Any CPU.ActiveCfg = Debug|Any CPU
		{B91EEBFA-E15A-48E8-9A2C-4FA355F4FB5A}.Debug|Any CPU.Build.0 = Debug|Any CPU
		{B91EEBFA-E15A-48E8-9A2C-4FA355F4FB5A}.Release|Any CPU.ActiveCfg = Release|Any CPU
		{B91EEBFA-E15A-48E8-9A2C-4FA355F4FB5A}.Release|Any CPU.Build.0 = Release|Any CPU
		{BFD19C84-34D9-40E1-AFCE-486A21A6812A}.Debug|Any CPU.ActiveCfg = Debug|Any CPU
		{BFD19C84-34D9-40E1-AFCE-486A21A6812A}.Debug|Any CPU.Build.0 = Debug|Any CPU
		{BFD19C84-34D9-40E1-AFCE-486A21A6812A}.Release|Any CPU.ActiveCfg = Release|Any CPU
		{BFD19C84-34D9-40E1-AFCE-486A21A6812A}.Release|Any CPU.Build.0 = Release|Any CPU
		{1243CA7B-180F-4BD5-B1B7-FD83DBEB3FD9}.Debug|Any CPU.ActiveCfg = Debug|Any CPU
		{1243CA7B-180F-4BD5-B1B7-FD83DBEB3FD9}.Debug|Any CPU.Build.0 = Debug|Any CPU
		{1243CA7B-180F-4BD5-B1B7-FD83DBEB3FD9}.Release|Any CPU.ActiveCfg = Release|Any CPU
		{1243CA7B-180F-4BD5-B1B7-FD83DBEB3FD9}.Release|Any CPU.Build.0 = Release|Any CPU
		{C73DEB77-0396-48D7-B282-C10AE6E31B67}.Debug|Any CPU.ActiveCfg = Debug|Any CPU
		{C73DEB77-0396-48D7-B282-C10AE6E31B67}.Debug|Any CPU.Build.0 = Debug|Any CPU
		{C73DEB77-0396-48D7-B282-C10AE6E31B67}.Release|Any CPU.ActiveCfg = Release|Any CPU
		{C73DEB77-0396-48D7-B282-C10AE6E31B67}.Release|Any CPU.Build.0 = Release|Any CPU
	EndGlobalSection
	GlobalSection(SolutionProperties) = preSolution
		HideSolutionNode = FALSE
	EndGlobalSection
	GlobalSection(ExtensibilityGlobals) = postSolution
		SolutionGuid = {B9BBA4EE-4C8E-4334-8FA5-AFEED756A1A0}
	EndGlobalSection
EndGlobal
